PODS:
  - Alamofire (5.1.0)
  - SDWebImage (5.7.3):
    - SDWebImage/Core (= 5.7.3)
  - SDWebImage/Core (5.7.3)
  - SnapKit (5.0.1)
  - SwiftLint (0.39.2)

DEPENDENCIES:
  - Alamofire (~> 5.1)
  - SDWebImage (~> 5.0)
  - SnapKit (~> 5.0)
  - SwiftLint

SPEC REPOS:
  trunk:
    - Alamofire
    - SDWebImage
    - SnapKit
    - SwiftLint

SPEC CHECKSUMS:
  Alamofire: 9d5c5f602928e512395b30950c5984eca840093c
  SDWebImage: 97351f6582ceca541ea294ba66a1fcb342a331c2
  SnapKit: 97b92857e3df3a0c71833cce143274bf6ef8e5eb
  SwiftLint: 22ccbbe3b8008684be5955693bab135e0ed6a447

PODFILE CHECKSUM: 1593b292f8d9317dd41e96cf7fbd68e5de604ea0

COCOAPODS: 1.9.1
